
Microsoft Visual Studio Solution File, Format Version 12.00
# Visual Studio 15
VisualStudioVersion = 15.0.34526.175
MinimumVisualStudioVersion = 10.0.40219.1
Project("{FAE04EC0-301F-11D3-BF4B-00C04F79EFBC}") = "movierev", "movierev\movierev.csproj", "{8CDF3E39-A817-4DBC-98C5-34761751B4AB}"
EndProject
Global
	GlobalSection(SolutionConfigurationPlatforms) = preSolution
		Debug|Any CPU = Debug|Any CPU
		Release|Any CPU = Release|Any CPU
	EndGlobalSection
	GlobalSection(ProjectConfigurationPlatforms) = postSolution
		{8CDF3E39-A817-4DBC-98C5-34761751B4AB}.Debug|Any CPU.ActiveCfg = Debug|Any CPU
		{8CDF3E39-A817-4DBC-98C5-34761751B4AB}.Debug|Any CPU.Build.0 = Debug|Any CPU
		{8CDF3E39-A817-4DBC-98C5-34761751B4AB}.Release|Any CPU.ActiveCfg = Release|Any CPU
		{8CDF3E39-A817-4DBC-98C5-34761751B4AB}.Release|Any CPU.Build.0 = Release|Any CPU
	EndGlobalSection
	GlobalSection(SolutionProperties) = preSolution
		HideSolutionNode = FALSE
	EndGlobalSection
	GlobalSection(ExtensibilityGlobals) = postSolution
		SolutionGuid = {137760C5-F96B-446B-A396-27C563CEDAD6}
	EndGlobalSection
EndGlobal
